PODS:
  - CollectionViewSlantedLayout (3.0.1)

DEPENDENCIES:
  - CollectionViewSlantedLayout (from `../`)

EXTERNAL SOURCES:
  CollectionViewSlantedLayout:
    :path: "../"

SPEC CHECKSUMS:
  CollectionViewSlantedLayout: 351451242ec148a932d340b5c9ecee7ede4cc9c8

PODFILE CHECKSUM: 784530443c4e94767488f5a14b699ce4f4b357bb

COCOAPODS: 1.5.3
